
Microsoft Visual Studio Solution File, Format Version 12.00
# Visual Studio Version 16
VisualStudioVersion = 16.0.31410.357
MinimumVisualStudioVersion = 10.0.40219.1
Project("{9A19103F-16F7-4668-BE54-9A1E7A4F7556}") = "WpfApp1_HW5", "WpfApp1 HW5\WpfApp1_HW5.csproj", "{1D1DF482-F1E2-487A-9AEA-2B8528A95CCD}"
EndProject
Project("{9A19103F-16F7-4668-BE54-9A1E7A4F7556}") = "ConsoleApp1 HW5", "ConsoleApp1 HW5\ConsoleApp1 HW5.csproj", "{63E197D4-7BDE-4382-8114-6F72AD14F631}"
EndProject
Project("{FAE04EC0-301F-11D3-BF4B-00C04F79EFBC}") = "ClassLibrary", "ClassLibrary\ClassLibrary.csproj", "{4A7550F5-E57B-4EC6-B648-E1EDE6332491}"
EndProject
Global
	GlobalSection(SolutionConfigurationPlatforms) = preSolution
		Debug|Any CPU = Debug|Any CPU
		Release|Any CPU = Release|Any CPU
	EndGlobalSection
	GlobalSection(ProjectConfigurationPlatforms) = postSolution
		{1D1DF482-F1E2-487A-9AEA-2B8528A95CCD}.Debug|Any CPU.ActiveCfg = Debug|Any CPU
		{1D1DF482-F1E2-487A-9AEA-2B8528A95CCD}.Debug|Any CPU.Build.0 = Debug|Any CPU
		{1D1DF482-F1E2-487A-9AEA-2B8528A95CCD}.Release|Any CPU.ActiveCfg = Release|Any CPU
		{1D1DF482-F1E2-487A-9AEA-2B8528A95CCD}.Release|Any CPU.Build.0 = Release|Any CPU
		{63E197D4-7BDE-4382-8114-6F72AD14F631}.Debug|Any CPU.ActiveCfg = Debug|Any CPU
		{63E197D4-7BDE-4382-8114-6F72AD14F631}.Debug|Any CPU.Build.0 = Debug|Any CPU
		{63E197D4-7BDE-4382-8114-6F72AD14F631}.Release|Any CPU.ActiveCfg = Release|Any CPU
		{63E197D4-7BDE-4382-8114-6F72AD14F631}.Release|Any CPU.Build.0 = Release|Any CPU
		{4A7550F5-E57B-4EC6-B648-E1EDE6332491}.Debug|Any CPU.ActiveCfg = Debug|Any CPU
		{4A7550F5-E57B-4EC6-B648-E1EDE6332491}.Debug|Any CPU.Build.0 = Debug|Any CPU
		{4A7550F5-E57B-4EC6-B648-E1EDE6332491}.Release|Any CPU.ActiveCfg = Release|Any CPU
		{4A7550F5-E57B-4EC6-B648-E1EDE6332491}.Release|Any CPU.Build.0 = Release|Any CPU
	EndGlobalSection
	GlobalSection(SolutionProperties) = preSolution
		HideSolutionNode = FALSE
	EndGlobalSection
	GlobalSection(ExtensibilityGlobals) = postSolution
		SolutionGuid = {400A9AC0-03B4-416A-8408-CEC0F8005DAB}
	EndGlobalSection
EndGlobal
